# THIS IS AN AUTOGENERATED FILE. DO NOT EDIT THIS FILE DIRECTLY.
# yarn lockfile v1


vue-chartjs@^3.5.0:
  version "3.5.0"
  resolved "https://registry.yarnpkg.com/vue-chartjs/-/vue-chartjs-3.5.0.tgz#edd0c2be94c521bcbc5357c24afb9f3560855f84"
  integrity sha512-yWNhG3B6g6lvYqNInP0WaDWNZG/SNb6XnltkjR0wYC5pmLm6jvdiotj8er7Mui8qkJGfLZe6ULjrZdHWjegAUg==
